// !$*UTF8*$!
{
	archiveVersion = 1;
	classes = {
	};
	objectVersion = 55;
	objects = {

/* Begin PBXBuildFile section */
		9B2EBEAB28796EB900FBACCF /* AppDelegate.swift in Sources */ = {isa = PBXBuildFile; fileRef = 9B2EBEAA28796EB900FBACCF /* AppDelegate.swift */; };
		9B2EBEAD28796EB900FBACCF /* SceneDelegate.swift in Sources */ = {isa = PBXBuildFile; fileRef = 9B2EBEAC28796EB900FBACCF /* SceneDelegate.swift */; };
		9B2EBEAF28796EB900FBACCF /* ViewController.swift in Sources */ = {isa = PBXBuildFile; fileRef = 9B2EBEAE28796EB900FBACCF /* ViewController.swift */; };
		9B2EBEB228796EB900FBACCF /* Main.storyboard in Resources */ = {isa = PBXBuildFile; fileRef = 9B2EBEB028796EB900FBACCF /* Main.storyboard */; };
		9B2EBEB428796EBC00FBACCF /* Assets.xcassets in Resources */ = {isa = PBXBuildFile; fileRef = 9B2EBEB328796EBC00FBACCF /* Assets.xcassets */; };
		9B2EBEB728796EBC00FBACCF /* LaunchScreen.storyboard in Resources */ = {isa = PBXBuildFile; fileRef = 9B2EBEB528796EBC00FBACCF /* LaunchScreen.storyboard */; };
		9B2EBEBF2879971A00FBACCF /* MainViewController.swift in Sources */ = {isa = PBXBuildFile; fileRef = 9B2EBEBE2879971A00FBACCF /* MainViewController.swift */; };
		9B2EBEC128799D7F00FBACCF /* IMG_1469.JPG in Resources */ = {isa = PBXBuildFile; fileRef = 9B2EBEC028799D7F00FBACCF /* IMG_1469.JPG */; };
		9B2EBEC328799D8700FBACCF /* IMG_1470.jpg in Resources */ = {isa = PBXBuildFile; fileRef = 9B2EBEC228799D8700FBACCF /* IMG_1470.jpg */; };
		9BD13C71287C3753000A7915 /* IMG_1479.jpg in Resources */ = {isa = PBXBuildFile; fileRef = 9BD13C70287C3753000A7915 /* IMG_1479.jpg */; };
		9BD13C75287C4A21000A7915 /* IMG_1481.jpg in Resources */ = {isa = PBXBuildFile; fileRef = 9BD13C72287C4A21000A7915 /* IMG_1481.jpg */; };
		9BD13C76287C4A21000A7915 /* IMG_1482.jpg in Resources */ = {isa = PBXBuildFile; fileRef = 9BD13C73287C4A21000A7915 /* IMG_1482.jpg */; };
		9BD13C77287C4A21000A7915 /* IMG_1483.jpg in Resources */ = {isa = PBXBuildFile; fileRef = 9BD13C74287C4A21000A7915 /* IMG_1483.jpg */; };
		9BD13C79287C4AEC000A7915 /* IMG_1484.jpg in Resources */ = {isa = PBXBuildFile; fileRef = 9BD13C78287C4AEC000A7915 /* IMG_1484.jpg */; };
		9BEBC031287FDA19003D88D3 /* IMG_1505.jpg in Resources */ = {isa = PBXBuildFile; fileRef = 9BEBC02B287FDA19003D88D3 /* IMG_1505.jpg */; };
		9BEBC032287FDA19003D88D3 /* IMG_1502.jpg in Resources */ = {isa = PBXBuildFile; fileRef = 9BEBC02C287FDA19003D88D3 /* IMG_1502.jpg */; };
		9BEBC033287FDA19003D88D3 /* IMG_1504.jpg in Resources */ = {isa = PBXBuildFile; fileRef = 9BEBC02D287FDA19003D88D3 /* IMG_1504.jpg */; };
		9BEBC034287FDA19003D88D3 /* IMG_1506.jpg in Resources */ = {isa = PBXBuildFile; fileRef = 9BEBC02E287FDA19003D88D3 /* IMG_1506.jpg */; };
		9BEBC035287FDA19003D88D3 /* IMG_1507.jpg in Resources */ = {isa = PBXBuildFile; fileRef = 9BEBC02F287FDA19003D88D3 /* IMG_1507.jpg */; };
		9BEBC036287FDA19003D88D3 /* IMG_1503.jpg in Resources */ = {isa = PBXBuildFile; fileRef = 9BEBC030287FDA19003D88D3 /* IMG_1503.jpg */; };
/* End PBXBuildFile section */

/* Begin PBXFileReference section */
		9B2EBEA728796EB900FBACCF /* 1st_MakeAnyView.app */ = {isa = PBXFileReference; explicitFileType = wrapper.application; includeInIndex = 0; path = 1st_MakeAnyView.app; sourceTree = BUILT_PRODUCTS_DIR; };
		9B2EBEAA28796EB900FBACCF /* AppDelegate.swift */ = {isa = PBXFileReference; lastKnownFileType = sourcecode.swift; path = AppDelegate.swift; sourceTree = "<group>"; };
		9B2EBEAC28796EB900FBACCF /* SceneDelegate.swift */ = {isa = PBXFileReference; lastKnownFileType = sourcecode.swift; path = SceneDelegate.swift; sourceTree = "<group>"; };
		9B2EBEAE28796EB900FBACCF /* ViewController.swift */ = {isa = PBXFileReference; lastKnownFileType = sourcecode.swift; path = ViewController.swift; sourceTree = "<group>"; };
		9B2EBEB128796EB900FBACCF /* Base */ = {isa = PBXFileReference; lastKnownFileType = file.storyboard; name = Base; path = Base.lproj/Main.storyboard; sourceTree = "<group>"; };
		9B2EBEB328796EBC00FBACCF /* Assets.xcassets */ = {isa = PBXFileReference; lastKnownFileType = folder.assetcatalog; path = Assets.xcassets; sourceTree = "<group>"; };
		9B2EBEB628796EBC00FBACCF /* Base */ = {isa = PBXFileReference; lastKnownFileType = file.storyboard; name = Base; path = Base.lproj/LaunchScreen.storyboard; sourceTree = "<group>"; };
		9B2EBEB828796EBC00FBACCF /* Info.plist */ = {isa = PBXFileReference; lastKnownFileType = text.plist.xml; path = Info.plist; sourceTree = "<group>"; };
		9B2EBEBE2879971A00FBACCF /* MainViewController.swift */ = {isa = PBXFileReference; lastKnownFileType = sourcecode.swift; path = MainViewController.swift; sourceTree = "<group>"; };
		9B2EBEC028799D7F00FBACCF /* IMG_1469.JPG */ = {isa = PBXFileReference; lastKnownFileType = image.jpeg; name = IMG_1469.JPG; path = ../../../../../Downloads/IMG_1469.JPG; sourceTree = "<group>"; };
		9B2EBEC228799D8700FBACCF /* IMG_1470.jpg */ = {isa = PBXFileReference; lastKnownFileType = image.jpeg; name = IMG_1470.jpg; path = ../../../../../Downloads/IMG_1470.jpg; sourceTree = "<group>"; };
		9BD13C70287C3753000A7915 /* IMG_1479.jpg */ = {isa = PBXFileReference; lastKnownFileType = image.jpeg; name = IMG_1479.jpg; path = ../../../../../Downloads/IMG_1479.jpg; sourceTree = "<group>"; };
		9BD13C72287C4A21000A7915 /* IMG_1481.jpg */ = {isa = PBXFileReference; lastKnownFileType = image.jpeg; name = IMG_1481.jpg; path = ../../../../../Downloads/IMG_1481.jpg; sourceTree = "<group>"; };
		9BD13C73287C4A21000A7915 /* IMG_1482.jpg */ = {isa = PBXFileReference; lastKnownFileType = image.jpeg; name = IMG_1482.jpg; path = ../../../../../Downloads/IMG_1482.jpg; sourceTree = "<group>"; };
		9BD13C74287C4A21000A7915 /* IMG_1483.jpg */ = {isa = PBXFileReference; lastKnownFileType = image.jpeg; name = IMG_1483.jpg; path = ../../../../../Downloads/IMG_1483.jpg; sourceTree = "<group>"; };
		9BD13C78287C4AEC000A7915 /* IMG_1484.jpg */ = {isa = PBXFileReference; lastKnownFileType = image.jpeg; name = IMG_1484.jpg; path = ../../../../../Downloads/IMG_1484.jpg; sourceTree = "<group>"; };
		9BEBC02B287FDA19003D88D3 /* IMG_1505.jpg */ = {isa = PBXFileReference; lastKnownFileType = image.jpeg; name = IMG_1505.jpg; path = ../../../../../Downloads/IMG_1505.jpg; sourceTree = "<group>"; };
		9BEBC02C287FDA19003D88D3 /* IMG_1502.jpg */ = {isa = PBXFileReference; lastKnownFileType = image.jpeg; name = IMG_1502.jpg; path = ../../../../../Downloads/IMG_1502.jpg; sourceTree = "<group>"; };
		9BEBC02D287FDA19003D88D3 /* IMG_1504.jpg */ = {isa = PBXFileReference; lastKnownFileType = image.jpeg; name = IMG_1504.jpg; path = ../../../../../Downloads/IMG_1504.jpg; sourceTree = "<group>"; };
		9BEBC02E287FDA19003D88D3 /* IMG_1506.jpg */ = {isa = PBXFileReference; lastKnownFileType = image.jpeg; name = IMG_1506.jpg; path = ../../../../../Downloads/IMG_1506.jpg; sourceTree = "<group>"; };
		9BEBC02F287FDA19003D88D3 /* IMG_1507.jpg */ = {isa = PBXFileReference; lastKnownFileType = image.jpeg; name = IMG_1507.jpg; path = ../../../../../Downloads/IMG_1507.jpg; sourceTree = "<group>"; };
		9BEBC030287FDA19003D88D3 /* IMG_1503.jpg */ = {isa = PBXFileReference; lastKnownFileType = image.jpeg; name = IMG_1503.jpg; path = ../../../../../Downloads/IMG_1503.jpg; sourceTree = "<group>"; };
/* End PBXFileReference section */

/* Begin PBXFrameworksBuildPhase section */
		9B2EBEA428796EB900FBACCF /* Frameworks */ = {
			isa = PBXFrameworksBuildPhase;
			buildActionMask = 2147483647;
			files = (
			);
			runOnlyForDeploymentPostprocessing = 0;
		};
/* End PBXFrameworksBuildPhase section */

/* Begin PBXGroup section */
		9B2EBE9E28796EB900FBACCF = {
			isa = PBXGroup;
			children = (
				9B2EBEA928796EB900FBACCF /* 1st_MakeAnyView */,
				9B2EBEA828796EB900FBACCF /* Products */,
			);
			sourceTree = "<group>";
		};
		9B2EBEA828796EB900FBACCF /* Products */ = {
			isa = PBXGroup;
			children = (
				9B2EBEA728796EB900FBACCF /* 1st_MakeAnyView.app */,
			);
			name = Products;
			sourceTree = "<group>";
		};
		9B2EBEA928796EB900FBACCF /* 1st_MakeAnyView */ = {
			isa = PBXGroup;
			children = (
				9B2EBEAA28796EB900FBACCF /* AppDelegate.swift */,
				9B2EBEAC28796EB900FBACCF /* SceneDelegate.swift */,
				9B2EBEAE28796EB900FBACCF /* ViewController.swift */,
				9B2EBEB028796EB900FBACCF /* Main.storyboard */,
				9B2EBEBE2879971A00FBACCF /* MainViewController.swift */,
				9B2EBEB328796EBC00FBACCF /* Assets.xcassets */,
				9B2EBEB528796EBC00FBACCF /* LaunchScreen.storyboard */,
				9B2EBEB828796EBC00FBACCF /* Info.plist */,
				9B2EBEC028799D7F00FBACCF /* IMG_1469.JPG */,
				9B2EBEC228799D8700FBACCF /* IMG_1470.jpg */,
				9BD13C70287C3753000A7915 /* IMG_1479.jpg */,
				9BD13C72287C4A21000A7915 /* IMG_1481.jpg */,
				9BD13C73287C4A21000A7915 /* IMG_1482.jpg */,
				9BD13C74287C4A21000A7915 /* IMG_1483.jpg */,
				9BD13C78287C4AEC000A7915 /* IMG_1484.jpg */,
				9BEBC02C287FDA19003D88D3 /* IMG_1502.jpg */,
				9BEBC030287FDA19003D88D3 /* IMG_1503.jpg */,
				9BEBC02D287FDA19003D88D3 /* IMG_1504.jpg */,
				9BEBC02B287FDA19003D88D3 /* IMG_1505.jpg */,
				9BEBC02E287FDA19003D88D3 /* IMG_1506.jpg */,
				9BEBC02F287FDA19003D88D3 /* IMG_1507.jpg */,
			);
			path = 1st_MakeAnyView;
			sourceTree = "<group>";
		};
/* End PBXGroup section */

/* Begin PBXNativeTarget section */
		9B2EBEA628796EB900FBACCF /* 1st_MakeAnyView */ = {
			isa = PBXNativeTarget;
			buildConfigurationList = 9B2EBEBB28796EBC00FBACCF /* Build configuration list for PBXNativeTarget "1st_MakeAnyView" */;
			buildPhases = (
				9B2EBEA328796EB900FBACCF /* Sources */,
				9B2EBEA428796EB900FBACCF /* Frameworks */,
				9B2EBEA528796EB900FBACCF /* Resources */,
			);
			buildRules = (
			);
			dependencies = (
			);
			name = 1st_MakeAnyView;
			productName = 1st_MakeAnyView;
			productReference = 9B2EBEA728796EB900FBACCF /* 1st_MakeAnyView.app */;
			productType = "com.apple.product-type.application";
		};
/* End PBXNativeTarget section */

/* Begin PBXProject section */
		9B2EBE9F28796EB900FBACCF /* Project object */ = {
			isa = PBXProject;
			attributes = {
				BuildIndependentTargetsInParallel = 1;
				LastSwiftUpdateCheck = 1340;
				LastUpgradeCheck = 1340;
				TargetAttributes = {
					9B2EBEA628796EB900FBACCF = {
						CreatedOnToolsVersion = 13.4.1;
					};
				};
			};
			buildConfigurationList = 9B2EBEA228796EB900FBACCF /* Build configuration list for PBXProject "1st_MakeAnyView" */;
			compatibilityVersion = "Xcode 13.0";
			developmentRegion = en;
			hasScannedForEncodings = 0;
			knownRegions = (
				en,
				Base,
			);
			mainGroup = 9B2EBE9E28796EB900FBACCF;
			productRefGroup = 9B2EBEA828796EB900FBACCF /* Products */;
			projectDirPath = "";
			projectRoot = "";
			targets = (
				9B2EBEA628796EB900FBACCF /* 1st_MakeAnyView */,
			);
		};
/* End PBXProject section */

/* Begin PBXResourcesBuildPhase section */
		9B2EBEA528796EB900FBACCF /* Resources */ = {
			isa = PBXResourcesBuildPhase;
			buildActionMask = 2147483647;
			files = (
				9BEBC036287FDA19003D88D3 /* IMG_1503.jpg in Resources */,
				9BD13C75287C4A21000A7915 /* IMG_1481.jpg in Resources */,
				9BEBC035287FDA19003D88D3 /* IMG_1507.jpg in Resources */,
				9B2EBEB728796EBC00FBACCF /* LaunchScreen.storyboard in Resources */,
				9B2EBEC328799D8700FBACCF /* IMG_1470.jpg in Resources */,
				9BEBC031287FDA19003D88D3 /* IMG_1505.jpg in Resources */,
				9B2EBEB428796EBC00FBACCF /* Assets.xcassets in Resources */,
				9BEBC034287FDA19003D88D3 /* IMG_1506.jpg in Resources */,
				9BD13C77287C4A21000A7915 /* IMG_1483.jpg in Resources */,
				9B2EBEB228796EB900FBACCF /* Main.storyboard in Resources */,
				9BEBC032287FDA19003D88D3 /* IMG_1502.jpg in Resources */,
				9BD13C79287C4AEC000A7915 /* IMG_1484.jpg in Resources */,
				9BEBC033287FDA19003D88D3 /* IMG_1504.jpg in Resources */,
				9BD13C71287C3753000A7915 /* IMG_1479.jpg in Resources */,
				9BD13C76287C4A21000A7915 /* IMG_1482.jpg in Resources */,
				9B2EBEC128799D7F00FBACCF /* IMG_1469.JPG in Resources */,
			);
			runOnlyForDeploymentPostprocessing = 0;
		};
/* End PBXResourcesBuildPhase section */

/* Begin PBXSourcesBuildPhase section */
		9B2EBEA328796EB900FBACCF /* Sources */ = {
			isa = PBXSourcesBuildPhase;
			buildActionMask = 2147483647;
			files = (
				9B2EBEAF28796EB900FBACCF /* ViewController.swift in Sources */,
				9B2EBEAB28796EB900FBACCF /* AppDelegate.swift in Sources */,
				9B2EBEAD28796EB900FBACCF /* SceneDelegate.swift in Sources */,
				9B2EBEBF2879971A00FBACCF /* MainViewController.swift in Sources */,
			);
			runOnlyForDeploymentPostprocessing = 0;
		};
/* End PBXSourcesBuildPhase section */

/* Begin PBXVariantGroup section */
		9B2EBEB028796EB900FBACCF /* Main.storyboard */ = {
			isa = PBXVariantGroup;
			children = (
				9B2EBEB128796EB900FBACCF /* Base */,
			);
			name = Main.storyboard;
			sourceTree = "<group>";
		};
		9B2EBEB528796EBC00FBACCF /* LaunchScreen.storyboard */ = {
			isa = PBXVariantGroup;
			children = (
				9B2EBEB628796EBC00FBACCF /* Base */,
			);
			name = LaunchScreen.storyboard;
			sourceTree = "<group>";
		};
/* End PBXVariantGroup section */

/* Begin XCBuildConfiguration section */
		9B2EBEB928796EBC00FBACCF /* Debug */ = {
			isa = XCBuildConfiguration;
			buildSettings = {
				ALWAYS_SEARCH_USER_PATHS = NO;
				CLANG_ANALYZER_NONNULL = YES;
				CLANG_ANALYZER_NUMBER_OBJECT_CONVERSION = YES_AGGRESSIVE;
				CLANG_CXX_LANGUAGE_STANDARD = "gnu++17";
				CLANG_ENABLE_MODULES = YES;
				CLANG_ENABLE_OBJC_ARC = YES;
				CLANG_ENABLE_OBJC_WEAK = YES;
				CLANG_WARN_BLOCK_CAPTURE_AUTORELEASING = YES;
				CLANG_WARN_BOOL_CONVERSION = YES;
				CLANG_WARN_COMMA = YES;
				CLANG_WARN_CONSTANT_CONVERSION = YES;
				CLANG_WARN_DEPRECATED_OBJC_IMPLEMENTATIONS = YES;
				CLANG_WARN_DIRECT_OBJC_ISA_USAGE = YES_ERROR;
				CLANG_WARN_DOCUMENTATION_COMMENTS = YES;
				CLANG_WARN_EMPTY_BODY = YES;
				CLANG_WARN_ENUM_CONVERSION = YES;
				CLANG_WARN_INFINITE_RECURSION = YES;
				CLANG_WARN_INT_CONVERSION = YES;
				CLANG_WARN_NON_LITERAL_NULL_CONVERSION = YES;
				CLANG_WARN_OBJC_IMPLICIT_RETAIN_SELF = YES;
				CLANG_WARN_OBJC_LITERAL_CONVERSION = YES;
				CLANG_WARN_OBJC_ROOT_CLASS = YES_ERROR;
				CLANG_WARN_QUOTED_INCLUDE_IN_FRAMEWORK_HEADER = YES;
				CLANG_WARN_RANGE_LOOP_ANALYSIS = YES;
				CLANG_WARN_STRICT_PROTOTYPES = YES;
				CLANG_WARN_SUSPICIOUS_MOVE = YES;
				CLANG_WARN_UNGUARDED_AVAILABILITY = YES_AGGRESSIVE;
				CLANG_WARN_UNREACHABLE_CODE = YES;
				CLANG_WARN__DUPLICATE_METHOD_MATCH = YES;
				COPY_PHASE_STRIP = NO;
				DEBUG_INFORMATION_FORMAT = dwarf;
				ENABLE_STRICT_OBJC_MSGSEND = YES;
				ENABLE_TESTABILITY = YES;
				GCC_C_LANGUAGE_STANDARD = gnu11;
				GCC_DYNAMIC_NO_PIC = NO;
				GCC_NO_COMMON_BLOCKS = YES;
				GCC_OPTIMIZATION_LEVEL = 0;
				GCC_PREPROCESSOR_DEFINITIONS = (
					"DEBUG=1",
					"$(inherited)",
				);
				GCC_WARN_64_TO_32_BIT_CONVERSION = YES;
				GCC_WARN_ABOUT_RETURN_TYPE = YES_ERROR;
				GCC_WARN_UNDECLARED_SELECTOR = YES;
				GCC_WARN_UNINITIALIZED_AUTOS = YES_AGGRESSIVE;
				GCC_WARN_UNUSED_FUNCTION = YES;
				GCC_WARN_UNUSED_VARIABLE = YES;
				IPHONEOS_DEPLOYMENT_TARGET = 15.5;
				MTL_ENABLE_DEBUG_INFO = INCLUDE_SOURCE;
				MTL_FAST_MATH = YES;
				ONLY_ACTIVE_ARCH = YES;
				SDKROOT = iphoneos;
				SWIFT_ACTIVE_COMPILATION_CONDITIONS = DEBUG;
				SWIFT_OPTIMIZATION_LEVEL = "-Onone";
			};
			name = Debug;
		};
		9B2EBEBA28796EBC00FBACCF /* Release */ = {
			isa = XCBuildConfiguration;
			buildSettings = {
				ALWAYS_SEARCH_USER_PATHS = NO;
				CLANG_ANALYZER_NONNULL = YES;
				CLANG_ANALYZER_NUMBER_OBJECT_CONVERSION = YES_AGGRESSIVE;
				CLANG_CXX_LANGUAGE_STANDARD = "gnu++17";
				CLANG_ENABLE_MODULES = YES;
				CLANG_ENABLE_OBJC_ARC = YES;
				CLANG_ENABLE_OBJC_WEAK = YES;
				CLANG_WARN_BLOCK_CAPTURE_AUTORELEASING = YES;
				CLANG_WARN_BOOL_CONVERSION = YES;
				CLANG_WARN_COMMA = YES;
				CLANG_WARN_CONSTANT_CONVERSION = YES;
				CLANG_WARN_DEPRECATED_OBJC_IMPLEMENTATIONS = YES;
				CLANG_WARN_DIRECT_OBJC_ISA_USAGE = YES_ERROR;
				CLANG_WARN_DOCUMENTATION_COMMENTS = YES;
				CLANG_WARN_EMPTY_BODY = YES;
				CLANG_WARN_ENUM_CONVERSION = YES;
				CLANG_WARN_INFINITE_RECURSION = YES;
				CLANG_WARN_INT_CONVERSION = YES;
				CLANG_WARN_NON_LITERAL_NULL_CONVERSION = YES;
				CLANG_WARN_OBJC_IMPLICIT_RETAIN_SELF = YES;
				CLANG_WARN_OBJC_LITERAL_CONVERSION = YES;
				CLANG_WARN_OBJC_ROOT_CLASS = YES_ERROR;
				CLANG_WARN_QUOTED_INCLUDE_IN_FRAMEWORK_HEADER = YES;
				CLANG_WARN_RANGE_LOOP_ANALYSIS = YES;
				CLANG_WARN_STRICT_PROTOTYPES = YES;
				CLANG_WARN_SUSPICIOUS_MOVE = YES;
				CLANG_WARN_UNGUARDED_AVAILABILITY = YES_AGGRESSIVE;
				CLANG_WARN_UNREACHABLE_CODE = YES;
				CLANG_WARN__DUPLICATE_METHOD_MATCH = YES;
				COPY_PHASE_STRIP = NO;
				DEBUG_INFORMATION_FORMAT = "dwarf-with-dsym";
				ENABLE_NS_ASSERTIONS = NO;
				ENABLE_STRICT_OBJC_MSGSEND = YES;
				GCC_C_LANGUAGE_STANDARD = gnu11;
				GCC_NO_COMMON_BLOCKS = YES;
				GCC_WARN_64_TO_32_BIT_CONVERSION = YES;
				GCC_WARN_ABOUT_RETURN_TYPE = YES_ERROR;
				GCC_WARN_UNDECLARED_SELECTOR = YES;
				GCC_WARN_UNINITIALIZED_AUTOS = YES_AGGRESSIVE;
				GCC_WARN_UNUSED_FUNCTION = YES;
				GCC_WARN_UNUSED_VARIABLE = YES;
				IPHONEOS_DEPLOYMENT_TARGET = 15.5;
				MTL_ENABLE_DEBUG_INFO = NO;
				MTL_FAST_MATH = YES;
				SDKROOT = iphoneos;
				SWIFT_COMPILATION_MODE = wholemodule;
				SWIFT_OPTIMIZATION_LEVEL = "-O";
				VALIDATE_PRODUCT = YES;
			};
			name = Release;
		};
		9B2EBEBC28796EBC00FBACCF /* Debug */ = {
			isa = XCBuildConfiguration;
			buildSettings = {
				ASSETCATALOG_COMPILER_APPICON_NAME = AppIcon;
				ASSETCATALOG_COMPILER_GLOBAL_ACCENT_COLOR_NAME = AccentColor;
				CODE_SIGN_STYLE = Automatic;
				CURRENT_PROJECT_VERSION = 1;
				DEVELOPMENT_TEAM = 9LAFQ24GSN;
				GENERATE_INFOPLIST_FILE = YES;
				INFOPLIST_FILE = 1st_MakeAnyView/Info.plist;
				INFOPLIST_KEY_UIApplicationSupportsIndirectInputEvents = YES;
				INFOPLIST_KEY_UILaunchStoryboardName = LaunchScreen;
				INFOPLIST_KEY_UIMainStoryboardFile = Main;
				INFOPLIST_KEY_UISupportedInterfaceOrientations_iPad = "UIInterfaceOrientationPortrait UIInterfaceOrientationPortraitUpsideDown UIInterfaceOrientationLandscapeLeft UIInterfaceOrientationLandscapeRight";
				INFOPLIST_KEY_UISupportedInterfaceOrientations_iPhone = "UIInterfaceOrientationPortrait UIInterfaceOrientationLandscapeLeft UIInterfaceOrientationLandscapeRight";
				LD_RUNPATH_SEARCH_PATHS = (
					"$(inherited)",
					"@executable_path/Frameworks",
				);
				MARKETING_VERSION = 1.0;
				PRODUCT_BUNDLE_IDENTIFIER = "Jason.-st-MakeAnyView";
				PRODUCT_NAME = "$(TARGET_NAME)";
				SWIFT_EMIT_LOC_STRINGS = YES;
				SWIFT_VERSION = 5.0;
				TARGETED_DEVICE_FAMILY = "1,2";
			};
			name = Debug;
		};
		9B2EBEBD28796EBC00FBACCF /* Release */ = {
			isa = XCBuildConfiguration;
			buildSettings = {
				ASSETCATALOG_COMPILER_APPICON_NAME = AppIcon;
				ASSETCATALOG_COMPILER_GLOBAL_ACCENT_COLOR_NAME = AccentColor;
				CODE_SIGN_STYLE = Automatic;
				CURRENT_PROJECT_VERSION = 1;
				DEVELOPMENT_TEAM = 9LAFQ24GSN;
				GENERATE_INFOPLIST_FILE = YES;
				INFOPLIST_FILE = 1st_MakeAnyView/Info.plist;
				INFOPLIST_KEY_UIApplicationSupportsIndirectInputEvents = YES;
				INFOPLIST_KEY_UILaunchStoryboardName = LaunchScreen;
				INFOPLIST_KEY_UIMainStoryboardFile = Main;
				INFOPLIST_KEY_UISupportedInterfaceOrientations_iPad = "UIInterfaceOrientationPortrait UIInterfaceOrientationPortraitUpsideDown UIInterfaceOrientationLandscapeLeft UIInterfaceOrientationLandscapeRight";
				INFOPLIST_KEY_UISupportedInterfaceOrientations_iPhone = "UIInterfaceOrientationPortrait UIInterfaceOrientationLandscapeLeft UIInterfaceOrientationLandscapeRight";
				LD_RUNPATH_SEARCH_PATHS = (
					"$(inherited)",
					"@executable_path/Frameworks",
				);
				MARKETING_VERSION = 1.0;
				PRODUCT_BUNDLE_IDENTIFIER = "Jason.-st-MakeAnyView";
				PRODUCT_NAME = "$(TARGET_NAME)";
				SWIFT_EMIT_LOC_STRINGS = YES;
				SWIFT_VERSION = 5.0;
				TARGETED_DEVICE_FAMILY = "1,2";
			};
			name = Release;
		};
/* End XCBuildConfiguration section */

/* Begin XCConfigurationList section */
		9B2EBEA228796EB900FBACCF /* Build configuration list for PBXProject "1st_MakeAnyView" */ = {
			isa = XCConfigurationList;
			buildConfigurations = (
				9B2EBEB928796EBC00FBACCF /* Debug */,
				9B2EBEBA28796EBC00FBACCF /* Release */,
			);
			defaultConfigurationIsVisible = 0;
			defaultConfigurationName = Release;
		};
		9B2EBEBB28796EBC00FBACCF /* Build configuration list for PBXNativeTarget "1st_MakeAnyView" */ = {
			isa = XCConfigurationList;
			buildConfigurations = (
				9B2EBEBC28796EBC00FBACCF /* Debug */,
				9B2EBEBD28796EBC00FBACCF /* Release */,
			);
			defaultConfigurationIsVisible = 0;
			defaultConfigurationName = Release;
		};
/* End XCConfigurationList section */
	};
	rootObject = 9B2EBE9F28796EB900FBACCF /* Project object */;
}
